
Microsoft Visual Studio Solution File, Format Version 12.00
# Visual Studio Version 16
VisualStudioVersion = 16.0.31105.61
MinimumVisualStudioVersion = 10.0.40219.1
Project("{2150E333-8FDC-42A3-9474-1A3956D46DE8}") = "Services", "Services", "{A8B2F05F-E0C0-4E84-B328-00D35BCD87C1}"
EndProject
Project("{2150E333-8FDC-42A3-9474-1A3956D46DE8}") = "Catalog", "Catalog", "{8DA51911-FE45-4FDF-AFCC-BF2A124DFCC9}"
EndProject
Project("{9A19103F-16F7-4668-BE54-9A1E7A4F7556}") = "Catalog.API", "Services\Catalog\Catalog.API\Catalog.API.csproj", "{5651306E-87B1-4CC3-B382-33784112266E}"
EndProject
Project("{E53339B2-1760-4266-BCC7-CA923CBCF16C}") = "docker-compose", "docker-compose.dcproj", "{321974D8-9CF5-4853-8BB7-D66247E54BF2}"
EndProject
Project("{2150E333-8FDC-42A3-9474-1A3956D46DE8}") = "Basket", "Basket", "{A15B9E37-B698-4A32-86F2-9DE91328DC1D}"
EndProject
Project("{9A19103F-16F7-4668-BE54-9A1E7A4F7556}") = "Basket.API", "Services\Basket\Basket.API\Basket.API.csproj", "{1AD0D8F1-3794-48EC-898B-A5E351228486}"
EndProject
Project("{2150E333-8FDC-42A3-9474-1A3956D46DE8}") = "Discount", "Discount", "{5295325B-D68C-44C3-BCBD-BE326F5139C5}"
EndProject
Project("{9A19103F-16F7-4668-BE54-9A1E7A4F7556}") = "Discount.API", "Services\Discount\Discount.API\Discount.API.csproj", "{53BCC633-7696-4599-85B1-1B0A60525F97}"
EndProject
Project("{9A19103F-16F7-4668-BE54-9A1E7A4F7556}") = "Discount.Grpc", "Services\Discount\Discount.Grpc\Discount.Grpc.csproj", "{F041FAD2-DD0C-4880-BE3A-4F272D0CFDB6}"
EndProject
Project("{2150E333-8FDC-42A3-9474-1A3956D46DE8}") = "Ordering", "Ordering", "{72170DAA-9B7F-4EDC-9902-F163A231A4D9}"
EndProject
Project("{9A19103F-16F7-4668-BE54-9A1E7A4F7556}") = "Ordering.API", "Services\Ordering\Ordering.API\Ordering.API.csproj", "{93D05F8C-5E5C-4341-A7FE-52459CA4ECB9}"
EndProject
Project("{9A19103F-16F7-4668-BE54-9A1E7A4F7556}") = "Ordering.Domain", "Services\Ordering\Ordering.Domain\Ordering.Domain.csproj", "{326E59ED-9F6A-481E-86DF-9B362191AEB8}"
EndProject
Project("{9A19103F-16F7-4668-BE54-9A1E7A4F7556}") = "Ordering.Application", "Services\Ordering\Ordering.Application\Ordering.Application.csproj", "{4A232941-59B4-4938-91D0-7DF368844AC8}"
EndProject
Project("{9A19103F-16F7-4668-BE54-9A1E7A4F7556}") = "Ordering.Infrastructure", "Services\Ordering\Ordering.Infrastructure\Ordering.Infrastructure.csproj", "{C0FD8EF4-2974-4C70-9F04-6FA9CFF029F8}"
EndProject
Project("{2150E333-8FDC-42A3-9474-1A3956D46DE8}") = "BuildingBlocks", "BuildingBlocks", "{E2DB7378-3EBD-4C13-9619-AE0C09547775}"
EndProject
Project("{9A19103F-16F7-4668-BE54-9A1E7A4F7556}") = "EventBus.Messages", "BuildingBlocks\EventBus.Messages\EventBus.Messages.csproj", "{B4689EF8-70FC-4731-B61E-6DFC32731047}"
EndProject
Project("{2150E333-8FDC-42A3-9474-1A3956D46DE8}") = "ApiGateways", "ApiGateways", "{3ED21FE4-9AAF-49B3-ADC0-24C8FAD64F4F}"
EndProject
Project("{9A19103F-16F7-4668-BE54-9A1E7A4F7556}") = "OcelotApiGw", "ApiGateways\OcelotApiGw\OcelotApiGw.csproj", "{55A4C4A8-CD5A-4833-85D1-83B0E7415CEA}"
EndProject
Project("{9A19103F-16F7-4668-BE54-9A1E7A4F7556}") = "Shopping.Aggregator", "ApiGateways\Shopping.Aggregator\Shopping.Aggregator.csproj", "{AC81900D-22B8-4E56-B54F-330DA2D4EBC1}"
EndProject
Project("{2150E333-8FDC-42A3-9474-1A3956D46DE8}") = "WebApps", "WebApps", "{83A06FF4-6005-4F2C-AB80-C83D7ECA1BBA}"
EndProject
Project("{9A19103F-16F7-4668-BE54-9A1E7A4F7556}") = "AspnetRunBasics", "WebApps\AspnetRunBasics\AspnetRunBasics.csproj", "{A57A595B-CB18-4C9E-946D-3FF241402178}"
EndProject
Global
	GlobalSection(SolutionConfigurationPlatforms) = preSolution
		Debug|Any CPU = Debug|Any CPU
		Release|Any CPU = Release|Any CPU
	EndGlobalSection
	GlobalSection(ProjectConfigurationPlatforms) = postSolution
		{5651306E-87B1-4CC3-B382-33784112266E}.Debug|Any CPU.ActiveCfg = Debug|Any CPU
		{5651306E-87B1-4CC3-B382-33784112266E}.Debug|Any CPU.Build.0 = Debug|Any CPU
		{5651306E-87B1-4CC3-B382-33784112266E}.Release|Any CPU.ActiveCfg = Release|Any CPU
		{5651306E-87B1-4CC3-B382-33784112266E}.Release|Any CPU.Build.0 = Release|Any CPU
		{321974D8-9CF5-4853-8BB7-D66247E54BF2}.Debug|Any CPU.ActiveCfg = Debug|Any CPU
		{321974D8-9CF5-4853-8BB7-D66247E54BF2}.Debug|Any CPU.Build.0 = Debug|Any CPU
		{321974D8-9CF5-4853-8BB7-D66247E54BF2}.Release|Any CPU.ActiveCfg = Release|Any CPU
		{321974D8-9CF5-4853-8BB7-D66247E54BF2}.Release|Any CPU.Build.0 = Release|Any CPU
		{1AD0D8F1-3794-48EC-898B-A5E351228486}.Debug|Any CPU.ActiveCfg = Debug|Any CPU
		{1AD0D8F1-3794-48EC-898B-A5E351228486}.Debug|Any CPU.Build.0 = Debug|Any CPU
		{1AD0D8F1-3794-48EC-898B-A5E351228486}.Release|Any CPU.ActiveCfg = Release|Any CPU
		{1AD0D8F1-3794-48EC-898B-A5E351228486}.Release|Any CPU.Build.0 = Release|Any CPU
		{53BCC633-7696-4599-85B1-1B0A60525F97}.Debug|Any CPU.ActiveCfg = Debug|Any CPU
		{53BCC633-7696-4599-85B1-1B0A60525F97}.Debug|Any CPU.Build.0 = Debug|Any CPU
		{53BCC633-7696-4599-85B1-1B0A60525F97}.Release|Any CPU.ActiveCfg = Release|Any CPU
		{53BCC633-7696-4599-85B1-1B0A60525F97}.Release|Any CPU.Build.0 = Release|Any CPU
		{F041FAD2-DD0C-4880-BE3A-4F272D0CFDB6}.Debug|Any CPU.ActiveCfg = Debug|Any CPU
		{F041FAD2-DD0C-4880-BE3A-4F272D0CFDB6}.Debug|Any CPU.Build.0 = Debug|Any CPU
		{F041FAD2-DD0C-4880-BE3A-4F272D0CFDB6}.Release|Any CPU.ActiveCfg = Release|Any CPU
		{F041FAD2-DD0C-4880-BE3A-4F272D0CFDB6}.Release|Any CPU.Build.0 = Release|Any CPU
		{93D05F8C-5E5C-4341-A7FE-52459CA4ECB9}.Debug|Any CPU.ActiveCfg = Debug|Any CPU
		{93D05F8C-5E5C-4341-A7FE-52459CA4ECB9}.Debug|Any CPU.Build.0 = Debug|Any CPU
		{93D05F8C-5E5C-4341-A7FE-52459CA4ECB9}.Release|Any CPU.ActiveCfg = Release|Any CPU
		{93D05F8C-5E5C-4341-A7FE-52459CA4ECB9}.Release|Any CPU.Build.0 = Release|Any CPU
		{326E59ED-9F6A-481E-86DF-9B362191AEB8}.Debug|Any CPU.ActiveCfg = Debug|Any CPU
		{326E59ED-9F6A-481E-86DF-9B362191AEB8}.Debug|Any CPU.Build.0 = Debug|Any CPU
		{326E59ED-9F6A-481E-86DF-9B362191AEB8}.Release|Any CPU.ActiveCfg = Release|Any CPU
		{326E59ED-9F6A-481E-86DF-9B362191AEB8}.Release|Any CPU.Build.0 = Release|Any CPU
		{4A232941-59B4-4938-91D0-7DF368844AC8}.Debug|Any CPU.ActiveCfg = Debug|Any CPU
		{4A232941-59B4-4938-91D0-7DF368844AC8}.Debug|Any CPU.Build.0 = Debug|Any CPU
		{4A232941-59B4-4938-91D0-7DF368844AC8}.Release|Any CPU.ActiveCfg = Release|Any CPU
		{4A232941-59B4-4938-91D0-7DF368844AC8}.Release|Any CPU.Build.0 = Release|Any CPU
		{C0FD8EF4-2974-4C70-9F04-6FA9CFF029F8}.Debug|Any CPU.ActiveCfg = Debug|Any CPU
		{C0FD8EF4-2974-4C70-9F04-6FA9CFF029F8}.Debug|Any CPU.Build.0 = Debug|Any CPU
		{C0FD8EF4-2974-4C70-9F04-6FA9CFF029F8}.Release|Any CPU.ActiveCfg = Release|Any CPU
		{C0FD8EF4-2974-4C70-9F04-6FA9CFF029F8}.Release|Any CPU.Build.0 = Release|Any CPU
		{B4689EF8-70FC-4731-B61E-6DFC32731047}.Debug|Any CPU.ActiveCfg = Debug|Any CPU
		{B4689EF8-70FC-4731-B61E-6DFC32731047}.Debug|Any CPU.Build.0 = Debug|Any CPU
		{B4689EF8-70FC-4731-B61E-6DFC32731047}.Release|Any CPU.ActiveCfg = Release|Any CPU
		{B4689EF8-70FC-4731-B61E-6DFC32731047}.Release|Any CPU.Build.0 = Release|Any CPU
		{55A4C4A8-CD5A-4833-85D1-83B0E7415CEA}.Debug|Any CPU.ActiveCfg = Debug|Any CPU
		{55A4C4A8-CD5A-4833-85D1-83B0E7415CEA}.Debug|Any CPU.Build.0 = Debug|Any CPU
		{55A4C4A8-CD5A-4833-85D1-83B0E7415CEA}.Release|Any CPU.ActiveCfg = Release|Any CPU
		{55A4C4A8-CD5A-4833-85D1-83B0E7415CEA}.Release|Any CPU.Build.0 = Release|Any CPU
		{AC81900D-22B8-4E56-B54F-330DA2D4EBC1}.Debug|Any CPU.ActiveCfg = Debug|Any CPU
		{AC81900D-22B8-4E56-B54F-330DA2D4EBC1}.Debug|Any CPU.Build.0 = Debug|Any CPU
		{AC81900D-22B8-4E56-B54F-330DA2D4EBC1}.Release|Any CPU.ActiveCfg = Release|Any CPU
		{AC81900D-22B8-4E56-B54F-330DA2D4EBC1}.Release|Any CPU.Build.0 = Release|Any CPU
		{A57A595B-CB18-4C9E-946D-3FF241402178}.Debug|Any CPU.ActiveCfg = Debug|Any CPU
		{A57A595B-CB18-4C9E-946D-3FF241402178}.Debug|Any CPU.Build.0 = Debug|Any CPU
		{A57A595B-CB18-4C9E-946D-3FF241402178}.Release|Any CPU.ActiveCfg = Release|Any CPU
		{A57A595B-CB18-4C9E-946D-3FF241402178}.Release|Any CPU.Build.0 = Release|Any CPU
	EndGlobalSection
	GlobalSection(SolutionProperties) = preSolution
		HideSolutionNode = FALSE
	EndGlobalSection
	GlobalSection(NestedProjects) = preSolution
		{8DA51911-FE45-4FDF-AFCC-BF2A124DFCC9} = {A8B2F05F-E0C0-4E84-B328-00D35BCD87C1}
		{5651306E-87B1-4CC3-B382-33784112266E} = {8DA51911-FE45-4FDF-AFCC-BF2A124DFCC9}
		{A15B9E37-B698-4A32-86F2-9DE91328DC1D} = {A8B2F05F-E0C0-4E84-B328-00D35BCD87C1}
		{1AD0D8F1-3794-48EC-898B-A5E351228486} = {A15B9E37-B698-4A32-86F2-9DE91328DC1D}
		{5295325B-D68C-44C3-BCBD-BE326F5139C5} = {A8B2F05F-E0C0-4E84-B328-00D35BCD87C1}
		{53BCC633-7696-4599-85B1-1B0A60525F97} = {5295325B-D68C-44C3-BCBD-BE326F5139C5}
		{F041FAD2-DD0C-4880-BE3A-4F272D0CFDB6} = {5295325B-D68C-44C3-BCBD-BE326F5139C5}
		{72170DAA-9B7F-4EDC-9902-F163A231A4D9} = {A8B2F05F-E0C0-4E84-B328-00D35BCD87C1}
		{93D05F8C-5E5C-4341-A7FE-52459CA4ECB9} = {72170DAA-9B7F-4EDC-9902-F163A231A4D9}
		{326E59ED-9F6A-481E-86DF-9B362191AEB8} = {72170DAA-9B7F-4EDC-9902-F163A231A4D9}
		{4A232941-59B4-4938-91D0-7DF368844AC8} = {72170DAA-9B7F-4EDC-9902-F163A231A4D9}
		{C0FD8EF4-2974-4C70-9F04-6FA9CFF029F8} = {72170DAA-9B7F-4EDC-9902-F163A231A4D9}
		{B4689EF8-70FC-4731-B61E-6DFC32731047} = {E2DB7378-3EBD-4C13-9619-AE0C09547775}
		{55A4C4A8-CD5A-4833-85D1-83B0E7415CEA} = {3ED21FE4-9AAF-49B3-ADC0-24C8FAD64F4F}
		{AC81900D-22B8-4E56-B54F-330DA2D4EBC1} = {3ED21FE4-9AAF-49B3-ADC0-24C8FAD64F4F}
		{A57A595B-CB18-4C9E-946D-3FF241402178} = {83A06FF4-6005-4F2C-AB80-C83D7ECA1BBA}
	EndGlobalSection
	GlobalSection(ExtensibilityGlobals) = postSolution
		SolutionGuid = {29EE0EE4-99CA-40A6-A648-8E3889D6C577}
	EndGlobalSection
EndGlobal
